{
    "_readme": [
        "This file locks the dependencies of your project to a known state",
        "Read more about it at https://getcomposer.org/doc/01-basic-usage.md#composer-lock-the-lock-file",
        "This file is @generated automatically"
    ],
    "content-hash": "0b1357ae0d37938b3d8001cb3f21c428",
    "packages": [
        {
            "name": "j4mie/idiorm",
            "version": "v1.5.3",
            "source": {
                "type": "git",
                "url": "https://github.com/j4mie/idiorm.git",
                "reference": "f2f170c44af4761fef8ef34d6dbc237cd95df799"
            },
            "dist": {
                "type": "zip",
                "url": "https://api.github.com/repos/j4mie/idiorm/zipball/f2f170c44af4761fef8ef34d6dbc237cd95df799",
                "reference": "f2f170c44af4761fef8ef34d6dbc237cd95df799",
                "shasum": ""
            },
            "require": {
                "php": ">=5.2.0"
            },
            "require-dev": {
                "phpunit/phpunit": "^4.8"
            },
            "type": "library",
            "autoload": {
                "classmap": [
                    "idiorm.php"
                ]
            },
            "notification-url": "https://packagist.org/downloads/",
            "license": [
                "BSD-2-Clause",
                "BSD-3-Clause",
                "BSD-4-Clause"
            ],
            "authors": [
                {
                    "name": "Simon Holywell",
                    "email": "treffynnon@php.net",
                    "homepage": "http://simonholywell.com",
                    "role": "Maintainer"
                },
                {
                    "name": "Jamie Matthews",
                    "email": "jamie.matthews@gmail.com",
                    "homepage": "http://j4mie.org",
                    "role": "Developer"
                },
                {
                    "name": "Durham Hale",
                    "email": "me@durhamhale.com",
                    "homepage": "http://durhamhale.com",
                    "role": "Maintainer"
                }
            ],
            "description": "A lightweight nearly-zero-configuration object-relational mapper and fluent query builder for PHP5",
            "homepage": "http://j4mie.github.com/idiormandparis",
            "keywords": [
                "idiorm",
                "orm",
                "query builder"
            ],
            "time": "2017-03-21T01:31:25+00:00"
        },
        {
            "name": "paragonie/random_compat",
            "version": "v2.0.11",
            "source": {
                "type": "git",
                "url": "https://github.com/paragonie/random_compat.git",
                "reference": "5da4d3c796c275c55f057af5a643ae297d96b4d8"
            },
            "dist": {
                "type": "zip",
                "url": "https://api.github.com/repos/paragonie/random_compat/zipball/5da4d3c796c275c55f057af5a643ae297d96b4d8",
                "reference": "5da4d3c796c275c55f057af5a643ae297d96b4d8",
                "shasum": ""
            },
            "require": {
                "php": ">=5.2.0"
            },
            "require-dev": {
                "phpunit/phpunit": "4.*|5.*"
            },
            "suggest": {
                "ext-libsodium": "Provides a modern crypto API that can be used to generate random bytes."
            },
            "type": "library",
            "autoload": {
                "files": [
                    "lib/random.php"
                ]
            },
            "notification-url": "https://packagist.org/downloads/",
            "license": [
                "MIT"
            ],
            "authors": [
                {
                    "name": "Paragon Initiative Enterprises",
                    "email": "security@paragonie.com",
                    "homepage": "https://paragonie.com"
                }
            ],
            "description": "PHP 5.x polyfill for random_bytes() and random_int() from PHP 7",
            "keywords": [
                "csprng",
                "pseudorandom",
                "random"
            ],
            "time": "2017-09-27T21:40:39+00:00"
        },
        {
            "name": "paragonie/sodium_compat",
            "version": "v1.4.0",
            "source": {
                "type": "git",
                "url": "https://github.com/paragonie/sodium_compat.git",
                "reference": "9bfa05311d1851db0bbc2ad453c7083b9996b5b4"
            },
            "dist": {
                "type": "zip",
                "url": "https://api.github.com/repos/paragonie/sodium_compat/zipball/9bfa05311d1851db0bbc2ad453c7083b9996b5b4",
                "reference": "9bfa05311d1851db0bbc2ad453c7083b9996b5b4",
                "shasum": ""
            },
            "require": {
                "paragonie/random_compat": "^1|^2",
                "php": "^5.2.4|^5.3|^5.4|^5.5|^5.6|^7"
            },
            "require-dev": {
                "phpunit/phpunit": "^3|^4|^5"
            },
            "suggest": {
                "ext-libsodium": "PHP < 7.0: Better performance, password hashing (Argon2i), secure memory management (memzero), and better security.",
                "ext-sodium": "PHP >= 7.0: Better performance, password hashing (Argon2i), secure memory management (memzero), and better security."
            },
            "type": "library",
            "autoload": {
                "files": [
                    "autoload.php"
                ]
            },
            "notification-url": "https://packagist.org/downloads/",
            "license": [
                "ISC"
            ],
            "authors": [
                {
                    "name": "Paragon Initiative Enterprises",
                    "email": "security@paragonie.com"
                },
                {
                    "name": "Frank Denis",
                    "email": "jedisct1@pureftpd.org"
                }
            ],
            "description": "Pure PHP implementation of libsodium; uses the PHP extension if it exists",
            "keywords": [
                "Authentication",
                "BLAKE2b",
                "ChaCha20",
                "ChaCha20-Poly1305",
                "Chapoly",
                "Curve25519",
                "Ed25519",
                "EdDSA",
                "Edwards-curve Digital Signature Algorithm",
                "Elliptic Curve Diffie-Hellman",
                "Poly1305",
                "Pure-PHP cryptography",
                "RFC 7748",
                "RFC 8032",
                "Salpoly",
                "Salsa20",
                "X25519",
                "XChaCha20-Poly1305",
                "XSalsa20-Poly1305",
                "Xchacha20",
                "Xsalsa20",
                "aead",
                "cryptography",
                "ecdh",
                "elliptic curve",
                "elliptic curve cryptography",
                "encryption",
                "libsodium",
                "php",
                "public-key cryptography",
                "secret-key cryptography",
                "side-channel resistant"
            ],
            "time": "2017-11-28T15:55:13+00:00"
        },
        {
            "name": "twilio/sdk",
            "version": "5.16.3",
            "source": {
                "type": "git",
                "url": "https://github.com/twilio/twilio-php.git",
                "reference": "4d4d146365f584f2204e0de28e620fd717889834"
            },
            "dist": {
                "type": "zip",
                "url": "https://api.github.com/repos/twilio/twilio-php/zipball/4d4d146365f584f2204e0de28e620fd717889834",
                "reference": "4d4d146365f584f2204e0de28e620fd717889834",
                "shasum": ""
            },
            "require": {
                "php": ">=5.3.0"
            },
            "require-dev": {
                "apigen/apigen": "^4.1",
                "phpunit/phpunit": "4.5.*"
            },
            "type": "library",
            "autoload": {
                "psr-4": {
                    "Twilio\\": "Twilio/"
                }
            },
            "notification-url": "https://packagist.org/downloads/",
            "license": [
                "MIT"
            ],
            "authors": [
                {
                    "name": "Twilio API Team",
                    "email": "api@twilio.com"
                }
            ],
            "description": "A PHP wrapper for Twilio's API",
            "homepage": "http://github.com/twilio/twilio-php",
            "keywords": [
                "api",
                "sms",
                "twilio"
            ],
            "time": "2018-01-20T02:33:56+00:00"
        }
    ],
    "packages-dev": [],
    "aliases": [],
    "minimum-stability": "stable",
    "stability-flags": [],
    "prefer-stable": false,
    "prefer-lowest": false,
    "platform": [],
    "platform-dev": []
}
